Microsoft Visual Studio Solution File, Format Version 11.00
# Visual Studio 2008

Project("{FD378CDB-F91B-2A59-21F6-4B51111EC302}") = "Cowboy", "Assembly-CSharp.csproj", "{0E495C2F-95E9-0091-793F-A599EE4BBD91}"
EndProject
Global
	GlobalSection(SolutionConfigurationPlatforms) = preSolution
		Debug|Any CPU = Debug|Any CPU
		Release|Any CPU = Release|Any CPU
	EndGlobalSection
	GlobalSection(ProjectConfigurationPlatforms) = postSolution
		{0E495C2F-95E9-0091-793F-A599EE4BBD91}.Debug|Any CPU.ActiveCfg = Debug|Any CPU
		{0E495C2F-95E9-0091-793F-A599EE4BBD91}.Debug|Any CPU.Build.0 = Debug|Any CPU
		{0E495C2F-95E9-0091-793F-A599EE4BBD91}.Release|Any CPU.ActiveCfg = Release|Any CPU
		{0E495C2F-95E9-0091-793F-A599EE4BBD91}.Release|Any CPU.Build.0 = Release|Any CPU
	EndGlobalSection
	GlobalSection(SolutionProperties) = preSolution
		HideSolutionNode = FALSE
	EndGlobalSection
	GlobalSection(MonoDevelopProperties) = preSolution
		StartupItem = Assembly-CSharp.csproj
	EndGlobalSection
EndGlobal
