Microsoft Visual Studio Solution File, Format Version 11.00
# Visual Studio 2008

Project("{15DF0F04-8910-6F17-D3BB-9A8D0C0BDB03}") = "CowboyRun", "Assembly-CSharp.csproj", "{77DA11A3-768E-4E46-EC84-3480B32F95DD}"
EndProject
Global
	GlobalSection(SolutionConfigurationPlatforms) = preSolution
		Debug|Any CPU = Debug|Any CPU
		Release|Any CPU = Release|Any CPU
	EndGlobalSection
	GlobalSection(ProjectConfigurationPlatforms) = postSolution
		{77DA11A3-768E-4E46-EC84-3480B32F95DD}.Debug|Any CPU.ActiveCfg = Debug|Any CPU
		{77DA11A3-768E-4E46-EC84-3480B32F95DD}.Debug|Any CPU.Build.0 = Debug|Any CPU
		{77DA11A3-768E-4E46-EC84-3480B32F95DD}.Release|Any CPU.ActiveCfg = Release|Any CPU
		{77DA11A3-768E-4E46-EC84-3480B32F95DD}.Release|Any CPU.Build.0 = Release|Any CPU
	EndGlobalSection
	GlobalSection(SolutionProperties) = preSolution
		HideSolutionNode = FALSE
	EndGlobalSection
	GlobalSection(MonoDevelopProperties) = preSolution
		StartupItem = Assembly-CSharp.csproj
	EndGlobalSection
EndGlobal
